
Microsoft Visual Studio Solution File, Format Version 12.00
# Visual Studio Version 16
VisualStudioVersion = 16.0.30523.141
MinimumVisualStudioVersion = 10.0.40219.1
Project("{9A19103F-16F7-4668-BE54-9A1E7A4F7556}") = "Codeizi.Producer.Kafka", "..\src\Codeizi\Codeizi.Producer.Kafka\Codeizi.Producer.Kafka.csproj", "{D8E463A6-FFE1-4B1B-8A1A-4F595AE679A3}"
EndProject
Global
	GlobalSection(SolutionConfigurationPlatforms) = preSolution
		Debug|Any CPU = Debug|Any CPU
		Release|Any CPU = Release|Any CPU
	EndGlobalSection
	GlobalSection(ProjectConfigurationPlatforms) = postSolution
		{D8E463A6-FFE1-4B1B-8A1A-4F595AE679A3}.Debug|Any CPU.ActiveCfg = Debug|Any CPU
		{D8E463A6-FFE1-4B1B-8A1A-4F595AE679A3}.Debug|Any CPU.Build.0 = Debug|Any CPU
		{D8E463A6-FFE1-4B1B-8A1A-4F595AE679A3}.Release|Any CPU.ActiveCfg = Release|Any CPU
		{D8E463A6-FFE1-4B1B-8A1A-4F595AE679A3}.Release|Any CPU.Build.0 = Release|Any CPU
	EndGlobalSection
	GlobalSection(SolutionProperties) = preSolution
		HideSolutionNode = FALSE
	EndGlobalSection
	GlobalSection(ExtensibilityGlobals) = postSolution
		SolutionGuid = {38789B29-9E58-4072-A5DE-B5A15E540A0B}
	EndGlobalSection
EndGlobal
